
Microsoft Visual Studio Solution File, Format Version 12.00
# Visual Studio 14
VisualStudioVersion = 14.0.25420.1
MinimumVisualStudioVersion = 10.0.40219.1
Project("{FAE04EC0-301F-11D3-BF4B-00C04F79EFBC}") = "RunescapeMVC", "RunescapeMVC\RunescapeMVC.csproj", "{9185A338-D178-4C59-A0BF-E540838467E6}"
EndProject
Project("{FAE04EC0-301F-11D3-BF4B-00C04F79EFBC}") = "RunescapeMVC.Tests", "RunescapeMVC.Tests\RunescapeMVC.Tests.csproj", "{88D9AE24-D2BD-4026-8F61-905013C6B8ED}"
EndProject
Project("{FAE04EC0-301F-11D3-BF4B-00C04F79EFBC}") = "RunescapeMVC-DAL", "RunescapeMVC-DAL\RunescapeMVC-DAL.csproj", "{19C4F7E5-522D-48B5-B86B-B23A84D37C7D}"
EndProject
Project("{FAE04EC0-301F-11D3-BF4B-00C04F79EFBC}") = "RunescapeMVC-BLL", "RunescapeMVC-BLL\RunescapeMVC-BLL.csproj", "{7AA3BEA7-9875-463D-A950-6053C4504F84}"
EndProject
Global
	GlobalSection(SolutionConfigurationPlatforms) = preSolution
		Debug|Any CPU = Debug|Any CPU
		Release|Any CPU = Release|Any CPU
	EndGlobalSection
	GlobalSection(ProjectConfigurationPlatforms) = postSolution
		{9185A338-D178-4C59-A0BF-E540838467E6}.Debug|Any CPU.ActiveCfg = Debug|Any CPU
		{9185A338-D178-4C59-A0BF-E540838467E6}.Debug|Any CPU.Build.0 = Debug|Any CPU
		{9185A338-D178-4C59-A0BF-E540838467E6}.Release|Any CPU.ActiveCfg = Release|Any CPU
		{9185A338-D178-4C59-A0BF-E540838467E6}.Release|Any CPU.Build.0 = Release|Any CPU
		{88D9AE24-D2BD-4026-8F61-905013C6B8ED}.Debug|Any CPU.ActiveCfg = Debug|Any CPU
		{88D9AE24-D2BD-4026-8F61-905013C6B8ED}.Debug|Any CPU.Build.0 = Debug|Any CPU
		{88D9AE24-D2BD-4026-8F61-905013C6B8ED}.Release|Any CPU.ActiveCfg = Release|Any CPU
		{88D9AE24-D2BD-4026-8F61-905013C6B8ED}.Release|Any CPU.Build.0 = Release|Any CPU
		{19C4F7E5-522D-48B5-B86B-B23A84D37C7D}.Debug|Any CPU.ActiveCfg = Debug|Any CPU
		{19C4F7E5-522D-48B5-B86B-B23A84D37C7D}.Debug|Any CPU.Build.0 = Debug|Any CPU
		{19C4F7E5-522D-48B5-B86B-B23A84D37C7D}.Release|Any CPU.ActiveCfg = Release|Any CPU
		{19C4F7E5-522D-48B5-B86B-B23A84D37C7D}.Release|Any CPU.Build.0 = Release|Any CPU
		{7AA3BEA7-9875-463D-A950-6053C4504F84}.Debug|Any CPU.ActiveCfg = Debug|Any CPU
		{7AA3BEA7-9875-463D-A950-6053C4504F84}.Debug|Any CPU.Build.0 = Debug|Any CPU
		{7AA3BEA7-9875-463D-A950-6053C4504F84}.Release|Any CPU.ActiveCfg = Release|Any CPU
		{7AA3BEA7-9875-463D-A950-6053C4504F84}.Release|Any CPU.Build.0 = Release|Any CPU
	EndGlobalSection
	GlobalSection(SolutionProperties) = preSolution
		HideSolutionNode = FALSE
	EndGlobalSection
EndGlobal
